
Microsoft Visual Studio Solution File, Format Version 12.00
# Visual Studio 15
VisualStudioVersion = 15.0.27004.2002
MinimumVisualStudioVersion = 10.0.40219.1
Project("{FAE04EC0-301F-11D3-BF4B-00C04F79EFBC}") = "Angular2Demo1", "Angular2Demo1\Angular2Demo1.csproj", "{E34B2BD0-E67A-459E-8BF7-1F4090A03BEE}"
EndProject
Global
	GlobalSection(SolutionConfigurationPlatforms) = preSolution
		Debug|Any CPU = Debug|Any CPU
		Release|Any CPU = Release|Any CPU
	EndGlobalSection
	GlobalSection(ProjectConfigurationPlatforms) = postSolution
		{E34B2BD0-E67A-459E-8BF7-1F4090A03BEE}.Debug|Any CPU.ActiveCfg = Debug|Any CPU
		{E34B2BD0-E67A-459E-8BF7-1F4090A03BEE}.Debug|Any CPU.Build.0 = Debug|Any CPU
		{E34B2BD0-E67A-459E-8BF7-1F4090A03BEE}.Release|Any CPU.ActiveCfg = Release|Any CPU
		{E34B2BD0-E67A-459E-8BF7-1F4090A03BEE}.Release|Any CPU.Build.0 = Release|Any CPU
	EndGlobalSection
	GlobalSection(SolutionProperties) = preSolution
		HideSolutionNode = FALSE
	EndGlobalSection
	GlobalSection(ExtensibilityGlobals) = postSolution
		SolutionGuid = {77643565-C235-4566-804E-9261B8E7989A}
	EndGlobalSection
EndGlobal
